
Microsoft Visual Studio Solution File, Format Version 12.00
# Visual Studio Version 17
VisualStudioVersion = 17.8.34322.80
MinimumVisualStudioVersion = 10.0.40219.1
Project("{FAE04EC0-301F-11D3-BF4B-00C04F79EFBC}") = "MemoryGame", "MemoryGame.csproj", "{8CDA6DF9-E31E-4CCE-908E-3367D5BE917E}"
EndProject
Global
	GlobalSection(SolutionConfigurationPlatforms) = preSolution
		Debug|Any CPU = Debug|Any CPU
		Release|Any CPU = Release|Any CPU
	EndGlobalSection
	GlobalSection(ProjectConfigurationPlatforms) = postSolution
		{8CDA6DF9-E31E-4CCE-908E-3367D5BE917E}.Debug|Any CPU.ActiveCfg = Debug|Any CPU
		{8CDA6DF9-E31E-4CCE-908E-3367D5BE917E}.Debug|Any CPU.Build.0 = Debug|Any CPU
		{8CDA6DF9-E31E-4CCE-908E-3367D5BE917E}.Release|Any CPU.ActiveCfg = Release|Any CPU
		{8CDA6DF9-E31E-4CCE-908E-3367D5BE917E}.Release|Any CPU.Build.0 = Release|Any CPU
	EndGlobalSection
	GlobalSection(SolutionProperties) = preSolution
		HideSolutionNode = FALSE
	EndGlobalSection
	GlobalSection(ExtensibilityGlobals) = postSolution
		SolutionGuid = {55E7E9DE-DC53-49FD-915F-E2292E8ADD12}
	EndGlobalSection
EndGlobal
